
Microsoft Visual Studio Solution File, Format Version 12.00
# Visual Studio Version 17
VisualStudioVersion = 17.5.33103.201
MinimumVisualStudioVersion = 10.0.40219.1
Project("{9A19103F-16F7-4668-BE54-9A1E7A4F7556}") = "APIGateway", "src\APIGateway.csproj", "{C07EC12E-958D-4A44-9D6F-5B639F5440A7}"
EndProject
Global
	GlobalSection(SolutionConfigurationPlatforms) = preSolution
		Debug|Any CPU = Debug|Any CPU
		Release|Any CPU = Release|Any CPU
	EndGlobalSection
	GlobalSection(ProjectConfigurationPlatforms) = postSolution
		{C07EC12E-958D-4A44-9D6F-5B639F5440A7}.Debug|Any CPU.ActiveCfg = Debug|Any CPU
		{C07EC12E-958D-4A44-9D6F-5B639F5440A7}.Debug|Any CPU.Build.0 = Debug|Any CPU
		{C07EC12E-958D-4A44-9D6F-5B639F5440A7}.Release|Any CPU.ActiveCfg = Release|Any CPU
		{C07EC12E-958D-4A44-9D6F-5B639F5440A7}.Release|Any CPU.Build.0 = Release|Any CPU
	EndGlobalSection
	GlobalSection(SolutionProperties) = preSolution
		HideSolutionNode = FALSE
	EndGlobalSection
	GlobalSection(ExtensibilityGlobals) = postSolution
		SolutionGuid = {79E4D1EE-99AE-4BF7-91FD-254E4ED78093}
	EndGlobalSection
EndGlobal
